Microsoft Visual Studio Solution File, Format Version 12.00
# Visual Studio 15
Project("{8BC9CEB8-8B4A-11D0-8D11-00A0C91BC942}") = "project", "project.vcxproj", "{912FC87F-C238-3605-B889-91B7D1232F5A}"
	ProjectSection(ProjectDependencies) = postProject
		{12785452-9E86-33B8-8C7E-E6CF551289B2} = {12785452-9E86-33B8-8C7E-E6CF551289B2}
	EndProjectSection
EndProject
Project("{8BC9CEB8-8B4A-11D0-8D11-00A0C91BC942}") = "ALL_BUILD", "ALL_BUILD.vcxproj", "{FE89231E-8605-3D3A-BBC9-F43EE73EC3F4}"
	ProjectSection(ProjectDependencies) = postProject
		{12785452-9E86-33B8-8C7E-E6CF551289B2} = {12785452-9E86-33B8-8C7E-E6CF551289B2}
		{912FC87F-C238-3605-B889-91B7D1232F5A} = {912FC87F-C238-3605-B889-91B7D1232F5A}
	EndProjectSection
EndProject
Project("{8BC9CEB8-8B4A-11D0-8D11-00A0C91BC942}") = "ZERO_CHECK", "ZERO_CHECK.vcxproj", "{12785452-9E86-33B8-8C7E-E6CF551289B2}"
	ProjectSection(ProjectDependencies) = postProject
	EndProjectSection
EndProject
Global
	GlobalSection(SolutionConfigurationPlatforms) = preSolution
		Debug|x64 = Debug|x64
		Release|x64 = Release|x64
		MinSizeRel|x64 = MinSizeRel|x64
		RelWithDebInfo|x64 = RelWithDebInfo|x64
	EndGlobalSection
	GlobalSection(ProjectConfigurationPlatforms) = postSolution
		{912FC87F-C238-3605-B889-91B7D1232F5A}.Debug|x64.ActiveCfg = Debug|x64
		{912FC87F-C238-3605-B889-91B7D1232F5A}.Debug|x64.Build.0 = Debug|x64
		{912FC87F-C238-3605-B889-91B7D1232F5A}.Release|x64.ActiveCfg = Release|x64
		{912FC87F-C238-3605-B889-91B7D1232F5A}.Release|x64.Build.0 = Release|x64
		{912FC87F-C238-3605-B889-91B7D1232F5A}.MinSizeRel|x64.ActiveCfg = MinSizeRel|x64
		{912FC87F-C238-3605-B889-91B7D1232F5A}.MinSizeRel|x64.Build.0 = MinSizeRel|x64
		{912FC87F-C238-3605-B889-91B7D1232F5A}.RelWithDebInfo|x64.ActiveCfg = RelWithDebInfo|x64
		{912FC87F-C238-3605-B889-91B7D1232F5A}.RelWithDebInfo|x64.Build.0 = RelWithDebInfo|x64
		{FE89231E-8605-3D3A-BBC9-F43EE73EC3F4}.Debug|x64.ActiveCfg = Debug|x64
		{FE89231E-8605-3D3A-BBC9-F43EE73EC3F4}.Release|x64.ActiveCfg = Release|x64
		{FE89231E-8605-3D3A-BBC9-F43EE73EC3F4}.MinSizeRel|x64.ActiveCfg = MinSizeRel|x64
		{FE89231E-8605-3D3A-BBC9-F43EE73EC3F4}.RelWithDebInfo|x64.ActiveCfg = RelWithDebInfo|x64
		{12785452-9E86-33B8-8C7E-E6CF551289B2}.Debug|x64.ActiveCfg = Debug|x64
		{12785452-9E86-33B8-8C7E-E6CF551289B2}.Debug|x64.Build.0 = Debug|x64
		{12785452-9E86-33B8-8C7E-E6CF551289B2}.Release|x64.ActiveCfg = Release|x64
		{12785452-9E86-33B8-8C7E-E6CF551289B2}.Release|x64.Build.0 = Release|x64
		{12785452-9E86-33B8-8C7E-E6CF551289B2}.MinSizeRel|x64.ActiveCfg = MinSizeRel|x64
		{12785452-9E86-33B8-8C7E-E6CF551289B2}.MinSizeRel|x64.Build.0 = MinSizeRel|x64
		{12785452-9E86-33B8-8C7E-E6CF551289B2}.RelWithDebInfo|x64.ActiveCfg = RelWithDebInfo|x64
		{12785452-9E86-33B8-8C7E-E6CF551289B2}.RelWithDebInfo|x64.Build.0 = RelWithDebInfo|x64
	EndGlobalSection
	GlobalSection(ExtensibilityGlobals) = postSolution
		SolutionGuid = {6C54409E-8E44-3063-8AAB-02384021D403}
	EndGlobalSection
	GlobalSection(ExtensibilityAddIns) = postSolution
	EndGlobalSection
EndGlobal
