<?xml version="1.0" encoding="UTF-8"?>
<Project ToolsVersion="15.0" xmlns="http://schemas.microsoft.com/developer/msbuild/2003">
  <ItemGroup>
    <CustomBuild Include="C:\Users\denki\Documents\2018Kumashiro\rs2pcl\rs2pcl\CMakeFiles\d709657453e70fb90ec22b32f8032374\generate.stamp.rule">
      <Filter>CMake Rules</Filter>
    </CustomBuild>
  </ItemGroup>
  <ItemGroup>
    <Filter Include="CMake Rules">
      <UniqueIdentifier>{368E32CB-AD3F-3D7C-BFEF-CE6C975E353F}</UniqueIdentifier>
    </Filter>
  </ItemGroup>
</Project>
